Microsoft Visual Studio Solution File, Format Version 12.00
# Visual Studio 15
VisualStudioVersion = 15.0.27130.2027
MinimumVisualStudioVersion = 15.0.26124.0
Project("{9A19103F-16F7-4668-BE54-9A1E7A4F7556}") = "PasswordGenerator", "PasswordGenerator\PasswordGenerator.csproj", "{5D26D1AF-81DB-496E-8C1A-7806CE71C48C}"
EndProject
Project("{2150E333-8FDC-42A3-9474-1A3956D46DE8}") = "Solution Items", "Solution Items", "{C192EC38-EBAA-4114-953A-6B62CEEFF884}"
	ProjectSection(SolutionItems) = preProject
		README.md = README.md
	EndProjectSection
EndProject
Global
	GlobalSection(SolutionConfigurationPlatforms) = preSolution
		Debug|Any CPU = Debug|Any CPU
		Debug|x64 = Debug|x64
		Debug|x86 = Debug|x86
		Release|Any CPU = Release|Any CPU
		Release|x64 = Release|x64
		Release|x86 = Release|x86
	EndGlobalSection
	GlobalSection(ProjectConfigurationPlatforms) = postSolution
		{5D26D1AF-81DB-496E-8C1A-7806CE71C48C}.Debug|Any CPU.ActiveCfg = Debug|Any CPU
		{5D26D1AF-81DB-496E-8C1A-7806CE71C48C}.Debug|Any CPU.Build.0 = Debug|Any CPU
		{5D26D1AF-81DB-496E-8C1A-7806CE71C48C}.Debug|x64.ActiveCfg = Debug|Any CPU
		{5D26D1AF-81DB-496E-8C1A-7806CE71C48C}.Debug|x64.Build.0 = Debug|Any CPU
		{5D26D1AF-81DB-496E-8C1A-7806CE71C48C}.Debug|x86.ActiveCfg = Debug|Any CPU
		{5D26D1AF-81DB-496E-8C1A-7806CE71C48C}.Debug|x86.Build.0 = Debug|Any CPU
		{5D26D1AF-81DB-496E-8C1A-7806CE71C48C}.Release|Any CPU.ActiveCfg = Release|Any CPU
		{5D26D1AF-81DB-496E-8C1A-7806CE71C48C}.Release|Any CPU.Build.0 = Release|Any CPU
		{5D26D1AF-81DB-496E-8C1A-7806CE71C48C}.Release|x64.ActiveCfg = Release|Any CPU
		{5D26D1AF-81DB-496E-8C1A-7806CE71C48C}.Release|x64.Build.0 = Release|Any CPU
		{5D26D1AF-81DB-496E-8C1A-7806CE71C48C}.Release|x86.ActiveCfg = Release|Any CPU
		{5D26D1AF-81DB-496E-8C1A-7806CE71C48C}.Release|x86.Build.0 = Release|Any CPU
	EndGlobalSection
	GlobalSection(SolutionProperties) = preSolution
		HideSolutionNode = FALSE
	EndGlobalSection
	GlobalSection(ExtensibilityGlobals) = postSolution
		SolutionGuid = {09FCAA86-710C-4E14-89C7-C79687EDAB5D}
	EndGlobalSection
EndGlobal
