Microsoft Visual Studio Solution File, Format Version 12.00
# Visual Studio 15
VisualStudioVersion = 15.0.26124.0
MinimumVisualStudioVersion = 15.0.26124.0
Project("{9A19103F-16F7-4668-BE54-9A1E7A4F7556}") = "ZahlenSumme", "ZahlenSumme\ZahlenSumme.csproj", "{F8C9EA59-CEE1-4C0C-AF14-ABF5505B5DBA}"
EndProject
Global
	GlobalSection(SolutionConfigurationPlatforms) = preSolution
		Debug|Any CPU = Debug|Any CPU
		Debug|x64 = Debug|x64
		Debug|x86 = Debug|x86
		Release|Any CPU = Release|Any CPU
		Release|x64 = Release|x64
		Release|x86 = Release|x86
	EndGlobalSection
	GlobalSection(ProjectConfigurationPlatforms) = postSolution
		{F8C9EA59-CEE1-4C0C-AF14-ABF5505B5DBA}.Debug|Any CPU.ActiveCfg = Debug|Any CPU
		{F8C9EA59-CEE1-4C0C-AF14-ABF5505B5DBA}.Debug|Any CPU.Build.0 = Debug|Any CPU
		{F8C9EA59-CEE1-4C0C-AF14-ABF5505B5DBA}.Debug|x64.ActiveCfg = Debug|Any CPU
		{F8C9EA59-CEE1-4C0C-AF14-ABF5505B5DBA}.Debug|x64.Build.0 = Debug|Any CPU
		{F8C9EA59-CEE1-4C0C-AF14-ABF5505B5DBA}.Debug|x86.ActiveCfg = Debug|Any CPU
		{F8C9EA59-CEE1-4C0C-AF14-ABF5505B5DBA}.Debug|x86.Build.0 = Debug|Any CPU
		{F8C9EA59-CEE1-4C0C-AF14-ABF5505B5DBA}.Release|Any CPU.ActiveCfg = Release|Any CPU
		{F8C9EA59-CEE1-4C0C-AF14-ABF5505B5DBA}.Release|Any CPU.Build.0 = Release|Any CPU
		{F8C9EA59-CEE1-4C0C-AF14-ABF5505B5DBA}.Release|x64.ActiveCfg = Release|Any CPU
		{F8C9EA59-CEE1-4C0C-AF14-ABF5505B5DBA}.Release|x64.Build.0 = Release|Any CPU
		{F8C9EA59-CEE1-4C0C-AF14-ABF5505B5DBA}.Release|x86.ActiveCfg = Release|Any CPU
		{F8C9EA59-CEE1-4C0C-AF14-ABF5505B5DBA}.Release|x86.Build.0 = Release|Any CPU
	EndGlobalSection
	GlobalSection(SolutionProperties) = preSolution
		HideSolutionNode = FALSE
	EndGlobalSection
	GlobalSection(ExtensibilityGlobals) = postSolution
		SolutionGuid = {CFFF3964-9D59-4B73-992E-84609CF5E2E6}
	EndGlobalSection
EndGlobal
